
Microsoft Visual Studio Solution File, Format Version 12.00
# Visual Studio 15
VisualStudioVersion = 15.0.27428.2011
MinimumVisualStudioVersion = 10.0.40219.1
Project("{FAE04EC0-301F-11D3-BF4B-00C04F79EFBC}") = "watkiZad2", "watkiZad2\watkiZad2.csproj", "{897BD65A-3E25-4950-840E-4069D4F7BC24}"
EndProject
Global
	GlobalSection(SolutionConfigurationPlatforms) = preSolution
		Debug|Any CPU = Debug|Any CPU
		Release|Any CPU = Release|Any CPU
	EndGlobalSection
	GlobalSection(ProjectConfigurationPlatforms) = postSolution
		{897BD65A-3E25-4950-840E-4069D4F7BC24}.Debug|Any CPU.ActiveCfg = Debug|Any CPU
		{897BD65A-3E25-4950-840E-4069D4F7BC24}.Debug|Any CPU.Build.0 = Debug|Any CPU
		{897BD65A-3E25-4950-840E-4069D4F7BC24}.Release|Any CPU.ActiveCfg = Release|Any CPU
		{897BD65A-3E25-4950-840E-4069D4F7BC24}.Release|Any CPU.Build.0 = Release|Any CPU
	EndGlobalSection
	GlobalSection(SolutionProperties) = preSolution
		HideSolutionNode = FALSE
	EndGlobalSection
	GlobalSection(ExtensibilityGlobals) = postSolution
		SolutionGuid = {A26FBBAD-EF07-4B32-AB05-2A7B4A10E2A3}
	EndGlobalSection
EndGlobal
